PODS:
  - AffdexSDK-iOS (3.1.1):
    - AWSKinesis
  - AWSCore (2.4.11)
  - AWSKinesis (2.4.11):
    - AWSCore (= 2.4.11)

DEPENDENCIES:
  - AffdexSDK-iOS

SPEC CHECKSUMS:
  AffdexSDK-iOS: 052690e92bc188a6de33cf0958340af6221c91f4
  AWSCore: e66b0f50d68f9897cc9e68471062f0cb5379eec5
  AWSKinesis: 6cb057bf82d0c50f0de3f17880461a6b7faddffc

PODFILE CHECKSUM: 6274a5b962bfa1f6c203d8114fddc2b457b895d4

COCOAPODS: 1.1.1
